
Microsoft Visual Studio Solution File, Format Version 12.00
# Visual Studio Version 16
VisualStudioVersion = 16.0.30011.22
MinimumVisualStudioVersion = 10.0.40219.1
Project("{9A19103F-16F7-4668-BE54-9A1E7A4F7556}") = "SOLUTION.DAL", "SOLUTION.DAL\SOLUTION.DAL.csproj", "{9CACD2C9-14D6-4E40-988D-9E057A45DC5E}"
EndProject
Project("{9A19103F-16F7-4668-BE54-9A1E7A4F7556}") = "SOLUTION.BLL", "SOLUTION.BLL\SOLUTION.BLL.csproj", "{2796717F-C478-43E1-8C58-8461E2C7C91A}"
EndProject
Project("{00D1A9C2-B5F0-4AF3-8072-F6C62B433612}") = "SOLUTION.DB", "SOLUTION.DB\SOLUTION.DB.sqlproj", "{EC524067-9402-42F7-AB3B-2594F6DD373B}"
EndProject
Project("{FAE04EC0-301F-11D3-BF4B-00C04F79EFBC}") = "SOLUTION.API", "SOLUTION.API\SOLUTION.API.csproj", "{FA1131AF-77B0-4B12-A018-FEB401ACC63D}"
EndProject
Global
	GlobalSection(SolutionConfigurationPlatforms) = preSolution
		Debug|Any CPU = Debug|Any CPU
		Release|Any CPU = Release|Any CPU
	EndGlobalSection
	GlobalSection(ProjectConfigurationPlatforms) = postSolution
		{9CACD2C9-14D6-4E40-988D-9E057A45DC5E}.Debug|Any CPU.ActiveCfg = Debug|Any CPU
		{9CACD2C9-14D6-4E40-988D-9E057A45DC5E}.Debug|Any CPU.Build.0 = Debug|Any CPU
		{9CACD2C9-14D6-4E40-988D-9E057A45DC5E}.Release|Any CPU.ActiveCfg = Release|Any CPU
		{9CACD2C9-14D6-4E40-988D-9E057A45DC5E}.Release|Any CPU.Build.0 = Release|Any CPU
		{2796717F-C478-43E1-8C58-8461E2C7C91A}.Debug|Any CPU.ActiveCfg = Debug|Any CPU
		{2796717F-C478-43E1-8C58-8461E2C7C91A}.Debug|Any CPU.Build.0 = Debug|Any CPU
		{2796717F-C478-43E1-8C58-8461E2C7C91A}.Release|Any CPU.ActiveCfg = Release|Any CPU
		{2796717F-C478-43E1-8C58-8461E2C7C91A}.Release|Any CPU.Build.0 = Release|Any CPU
		{EC524067-9402-42F7-AB3B-2594F6DD373B}.Debug|Any CPU.ActiveCfg = Debug|Any CPU
		{EC524067-9402-42F7-AB3B-2594F6DD373B}.Debug|Any CPU.Build.0 = Debug|Any CPU
		{EC524067-9402-42F7-AB3B-2594F6DD373B}.Debug|Any CPU.Deploy.0 = Debug|Any CPU
		{EC524067-9402-42F7-AB3B-2594F6DD373B}.Release|Any CPU.ActiveCfg = Release|Any CPU
		{EC524067-9402-42F7-AB3B-2594F6DD373B}.Release|Any CPU.Build.0 = Release|Any CPU
		{EC524067-9402-42F7-AB3B-2594F6DD373B}.Release|Any CPU.Deploy.0 = Release|Any CPU
		{FA1131AF-77B0-4B12-A018-FEB401ACC63D}.Debug|Any CPU.ActiveCfg = Debug|Any CPU
		{FA1131AF-77B0-4B12-A018-FEB401ACC63D}.Debug|Any CPU.Build.0 = Debug|Any CPU
		{FA1131AF-77B0-4B12-A018-FEB401ACC63D}.Release|Any CPU.ActiveCfg = Release|Any CPU
		{FA1131AF-77B0-4B12-A018-FEB401ACC63D}.Release|Any CPU.Build.0 = Release|Any CPU
	EndGlobalSection
	GlobalSection(SolutionProperties) = preSolution
		HideSolutionNode = FALSE
	EndGlobalSection
	GlobalSection(ExtensibilityGlobals) = postSolution
		SolutionGuid = {9E2A8160-B527-4D7C-8C14-24A621F71CFA}
	EndGlobalSection
EndGlobal
